{
  "version": 4,
  "terraform_version": "1.0.10",
  "serial": 1,
  "lineage": "c2c9dae5-0750-8d88-a867-0504b2a80524",
  "outputs": {},
  "resources": [
    {
      "mode": "managed",
      "type": "github_repository",
      "name": "main_app",
      "provider": "provider[\"registry.terraform.io/integrations/github\"]",
      "instances": [
        {
          "schema_version": 0,
          "attributes": {
            "allow_auto_merge": false,
            "allow_merge_commit": true,
            "allow_rebase_merge": true,
            "allow_squash_merge": true,
            "archive_on_destroy": null,
            "archived": false,
            "auto_init": null,
            "branches": [],
            "default_branch": "main",
            "delete_branch_on_merge": false,
            "description": "My awesome web page",
            "etag": "W/\"05d88d7574cf74be422e2c996cd6d01ab1c1809ab53f9ddd9b6f2b661b5313a1\"",
            "full_name": "jsrice7391/main-app",
            "git_clone_url": "git://github.com/jsrice7391/main-app.git",
            "gitignore_template": null,
            "has_downloads": false,
            "has_issues": false,
            "has_projects": false,
            "has_wiki": false,
            "homepage_url": "",
            "html_url": "https://github.com/jsrice7391/main-app",
            "http_clone_url": "https://github.com/jsrice7391/main-app.git",
            "id": "main-app",
            "ignore_vulnerability_alerts_during_read": null,
            "is_template": false,
            "license_template": null,
            "name": "main-app",
            "node_id": "R_kgDOHbbEzQ",
            "pages": [],
            "private": false,
            "repo_id": 498517197,
            "ssh_clone_url": "git@github.com:jsrice7391/main-app.git",
            "svn_url": "https://github.com/jsrice7391/main-app",
            "template": [],
            "topics": null,
            "visibility": "public",
            "vulnerability_alerts": false
          },
          "sensitive_attributes": [],
          "private": "bnVsbA=="
        }
      ]
    }
  ]
}
