{
  "version": 4,
  "terraform_version": "1.2.1",
  "serial": 14,
  "lineage": "c7689186-dd7d-9db5-7f74-fdad85780200",
  "outputs": {},
  "resources": [
    {
      "mode": "managed",
      "type": "github_repository",
      "name": "example",
      "provider": "provider[\"registry.terraform.io/integrations/github\"]",
      "instances": [
        {
          "schema_version": 0,
          "attributes": {
            "allow_auto_merge": false,
            "allow_merge_commit": true,
            "allow_rebase_merge": true,
            "allow_squash_merge": true,
            "archive_on_destroy": null,
            "archived": false,
            "auto_init": null,
            "branches": [],
            "default_branch": "main",
            "delete_branch_on_merge": false,
            "description": "My terraform repo for testing",
            "etag": "W/\"8620b879d6be3cfa584622dbb9f62a7a7982ecdaa8c6623be98cd8079670e7ca\"",
            "full_name": "lucpizz/terraform-example",
            "git_clone_url": "git://github.com/lucpizz/terraform-example.git",
            "gitignore_template": null,
            "has_downloads": false,
            "has_issues": false,
            "has_projects": false,
            "has_wiki": false,
            "homepage_url": "",
            "html_url": "https://github.com/lucpizz/terraform-example",
            "http_clone_url": "https://github.com/lucpizz/terraform-example.git",
            "id": "terraform-example",
            "ignore_vulnerability_alerts_during_read": null,
            "is_template": false,
            "license_template": null,
            "name": "terraform-example",
            "node_id": "R_kgDOHbbMsQ",
            "pages": [],
            "private": false,
            "repo_id": 498519217,
            "ssh_clone_url": "git@github.com:lucpizz/terraform-example.git",
            "svn_url": "https://github.com/lucpizz/terraform-example",
            "template": [],
            "topics": null,
            "visibility": "public",
            "vulnerability_alerts": false
          },
          "sensitive_attributes": [],
          "private": "bnVsbA=="
        }
      ]
    }
  ]
}
